{
  "name": "maull-script-enhanced",
  "version": "1.2.0",
  "lockfileVersion": 3,
  "requires": true,
  "packages": {
    "": {
      "name": "maull-script-enhanced",
      "version": "1.2.0",
      "cpu": [
        "x64",
        "arm64"
      ],
      "license": "MIT",
      "os": [
        "linux"
      ],
      "devDependencies": {},
      "engines": {
        "node": ">=14.0.0"
      },
      "funding": {
        "type": "github",
        "url": "https://github.com/sponsors/your-username"
      }
    }
  }
}
